
Microsoft Visual Studio Solution File, Format Version 12.00
# Visual Studio Version 17
VisualStudioVersion = 17.9.34723.18
MinimumVisualStudioVersion = 10.0.40219.1
Project("{FAE04EC0-301F-11D3-BF4B-00C04F79EFBC}") = "Survivalcraft 2 Pak Explorer", "Survivalcraft 2 Pak Explorer\Survivalcraft 2 Pak Explorer.csproj", "{96280AAD-5F26-4993-B9DC-FCE0AC2C98DD}"
EndProject
Global
	GlobalSection(SolutionConfigurationPlatforms) = preSolution
		Debug|Any CPU = Debug|Any CPU
		Release|Any CPU = Release|Any CPU
	EndGlobalSection
	GlobalSection(ProjectConfigurationPlatforms) = postSolution
		{96280AAD-5F26-4993-B9DC-FCE0AC2C98DD}.Debug|Any CPU.ActiveCfg = Debug|Any CPU
		{96280AAD-5F26-4993-B9DC-FCE0AC2C98DD}.Debug|Any CPU.Build.0 = Debug|Any CPU
		{96280AAD-5F26-4993-B9DC-FCE0AC2C98DD}.Release|Any CPU.ActiveCfg = Release|Any CPU
		{96280AAD-5F26-4993-B9DC-FCE0AC2C98DD}.Release|Any CPU.Build.0 = Release|Any CPU
	EndGlobalSection
	GlobalSection(SolutionProperties) = preSolution
		HideSolutionNode = FALSE
	EndGlobalSection
	GlobalSection(ExtensibilityGlobals) = postSolution
		SolutionGuid = {E1C96716-1E04-4992-8DF7-80B9C9E4F944}
	EndGlobalSection
EndGlobal
